
Microsoft Visual Studio Solution File, Format Version 12.00
# Visual Studio Version 16
VisualStudioVersion = 16.0.31727.386
MinimumVisualStudioVersion = 10.0.40219.1
Project("{FAE04EC0-301F-11D3-BF4B-00C04F79EFBC}") = "Nhasach2", "NhaSach2\Nhasach2.csproj", "{12FFCE7C-1977-4348-A0C8-F0189F65630B}"
EndProject
Global
	GlobalSection(SolutionConfigurationPlatforms) = preSolution
		Debug|Any CPU = Debug|Any CPU
		Release|Any CPU = Release|Any CPU
	EndGlobalSection
	GlobalSection(ProjectConfigurationPlatforms) = postSolution
		{12FFCE7C-1977-4348-A0C8-F0189F65630B}.Debug|Any CPU.ActiveCfg = Debug|Any CPU
		{12FFCE7C-1977-4348-A0C8-F0189F65630B}.Debug|Any CPU.Build.0 = Debug|Any CPU
		{12FFCE7C-1977-4348-A0C8-F0189F65630B}.Release|Any CPU.ActiveCfg = Release|Any CPU
		{12FFCE7C-1977-4348-A0C8-F0189F65630B}.Release|Any CPU.Build.0 = Release|Any CPU
	EndGlobalSection
	GlobalSection(SolutionProperties) = preSolution
		HideSolutionNode = FALSE
	EndGlobalSection
	GlobalSection(ExtensibilityGlobals) = postSolution
		SolutionGuid = {A928F253-B9B7-42BB-9E18-74199B79D92C}
	EndGlobalSection
EndGlobal
